<?xml version="1.0" encoding="utf-8"?>
<Project ToolsVersion="4.0" xmlns="http://schemas.microsoft.com/developer/msbuild/2003">
  <ItemGroup>
    <Filter Include="源文件">
      <UniqueIdentifier>{4FC737F1-C7A5-4376-A066-2A32D752A2FF}</UniqueIdentifier>
      <Extensions>cpp;c;cc;cxx;c++;cppm;ixx;def;odl;idl;hpj;bat;asm;asmx</Extensions>
    </Filter>
    <Filter Include="头文件">
      <UniqueIdentifier>{93995380-89BD-4b04-88EB-625FBE52EBFB}</UniqueIdentifier>
      <Extensions>h;hh;hpp;hxx;h++;hm;inl;inc;ipp;xsd</Extensions>
    </Filter>
    <Filter Include="资源文件">
      <UniqueIdentifier>{67DA6AB6-F800-4c08-8B7A-83BB121AAD01}</UniqueIdentifier>
      <Extensions>rc;ico;cur;bmp;dlg;rc2;rct;bin;rgs;gif;jpg;jpeg;jpe;resx;tiff;tif;png;wav;mfcribbon-ms</Extensions>
    </Filter>
  </ItemGroup>
  <ItemGroup>
    <ClCompile Include="Application.cpp">
      <Filter>源文件</Filter>
    </ClCompile>
    <ClCompile Include="src\Window\DyWindow.cpp">
      <Filter>源文件</Filter>
    </ClCompile>
    <ClCompile Include="MordenOpenGL.cpp">
      <Filter>源文件</Filter>
    </ClCompile>
    <ClCompile Include="src\Render\OpenGLContext.cpp">
      <Filter>源文件</Filter>
    </ClCompile>
    <ClCompile Include="Pch.cpp">
      <Filter>源文件</Filter>
    </ClCompile>
    <ClCompile Include="Lib\glad.c">
      <Filter>源文件</Filter>
    </ClCompile>
    <ClCompile Include="src\Gui\Scene.cpp">
      <Filter>源文件</Filter>
    </ClCompile>
    <ClCompile Include="src\Render\UIContext.cpp">
      <Filter>源文件</Filter>
    </ClCompile>
    <ClCompile Include="Lib\imgui\imgui.cpp">
      <Filter>源文件</Filter>
    </ClCompile>
    <ClCompile Include="Lib\imgui\imgui_demo.cpp">
      <Filter>源文件</Filter>
    </ClCompile>
    <ClCompile Include="Lib\imgui\imgui_draw.cpp">
      <Filter>源文件</Filter>
    </ClCompile>
    <ClCompile Include="Lib\imgui\imgui_impl_glfw.cpp">
      <Filter>源文件</Filter>
    </ClCompile>
    <ClCompile Include="Lib\imgui\imgui_impl_opengl3.cpp">
      <Filter>源文件</Filter>
    </ClCompile>
    <ClCompile Include="Lib\imgui\imgui_tables.cpp">
      <Filter>源文件</Filter>
    </ClCompile>
    <ClCompile Include="Lib\imgui\imgui_widgets.cpp">
      <Filter>源文件</Filter>
    </ClCompile>
    <ClCompile Include="src\Base\Mesh.cpp">
      <Filter>源文件</Filter>
    </ClCompile>
    <ClCompile Include="src\Base\Element.cpp">
      <Filter>源文件</Filter>
    </ClCompile>
    <ClCompile Include="src\Base\VertexHolder.cpp">
      <Filter>源文件</Filter>
    </ClCompile>
    <ClCompile Include="src\Shader\ShaderUtil.cpp">
      <Filter>源文件</Filter>
    </ClCompile>
    <ClCompile Include="src\Render\OpenGLBufferManager.cpp">
      <Filter>源文件</Filter>
    </ClCompile>
    <ClCompile Include="src\Gui\PropertyPanel.cpp">
      <Filter>源文件</Filter>
    </ClCompile>
  </ItemGroup>
  <ItemGroup>
    <ClInclude Include="Application.h">
      <Filter>头文件</Filter>
    </ClInclude>
    <ClInclude Include="src\Window\Window.h">
      <Filter>头文件</Filter>
    </ClInclude>
    <ClInclude Include="src\Window\DyWindow.h">
      <Filter>头文件</Filter>
    </ClInclude>
    <ClInclude Include="src\Render\OpenGLContext.h">
      <Filter>头文件</Filter>
    </ClInclude>
    <ClInclude Include="src\Render\RenderBase.h">
      <Filter>头文件</Filter>
    </ClInclude>
    <ClInclude Include="Pch.h">
      <Filter>头文件</Filter>
    </ClInclude>
    <ClInclude Include="src\Gui\Scene.h">
      <Filter>头文件</Filter>
    </ClInclude>
    <ClInclude Include="src\Render\UIContext.h">
      <Filter>头文件</Filter>
    </ClInclude>
    <ClInclude Include="Lib\imgui\imconfig.h">
      <Filter>头文件</Filter>
    </ClInclude>
    <ClInclude Include="Lib\imgui\imgui.h">
      <Filter>头文件</Filter>
    </ClInclude>
    <ClInclude Include="Lib\imgui\imgui_impl_glfw.h">
      <Filter>头文件</Filter>
    </ClInclude>
    <ClInclude Include="Lib\imgui\imgui_impl_opengl3.h">
      <Filter>头文件</Filter>
    </ClInclude>
    <ClInclude Include="Lib\imgui\imgui_impl_opengl3_loader.h">
      <Filter>头文件</Filter>
    </ClInclude>
    <ClInclude Include="Lib\imgui\imgui_internal.h">
      <Filter>头文件</Filter>
    </ClInclude>
    <ClInclude Include="Lib\imgui\imstb_rectpack.h">
      <Filter>头文件</Filter>
    </ClInclude>
    <ClInclude Include="Lib\imgui\imstb_textedit.h">
      <Filter>头文件</Filter>
    </ClInclude>
    <ClInclude Include="Lib\imgui\imstb_truetype.h">
      <Filter>头文件</Filter>
    </ClInclude>
    <ClInclude Include="src\Base\Mesh.h">
      <Filter>头文件</Filter>
    </ClInclude>
    <ClInclude Include="src\Base\Element.h">
      <Filter>头文件</Filter>
    </ClInclude>
    <ClInclude Include="src\Base\VertexHolder.h">
      <Filter>头文件</Filter>
    </ClInclude>
    <ClInclude Include="src\Shader\ShaderUtil.h">
      <Filter>头文件</Filter>
    </ClInclude>
    <ClInclude Include="src\Render\OpenGLBufferManager.h">
      <Filter>头文件</Filter>
    </ClInclude>
    <ClInclude Include="src\Base\Camera.h">
      <Filter>头文件</Filter>
    </ClInclude>
    <ClInclude Include="src\Base\Input.h">
      <Filter>头文件</Filter>
    </ClInclude>
    <ClInclude Include="src\Base\Light.h">
      <Filter>头文件</Filter>
    </ClInclude>
    <ClInclude Include="src\Gui\PropertyPanel.h">
      <Filter>头文件</Filter>
    </ClInclude>
    <ClInclude Include="D:\GIT\jgl_demos\JGL_MeshLoader\source\3rdparty\plugins\imgui\ImFileBrowser.h">
      <Filter>头文件</Filter>
    </ClInclude>
    <ClInclude Include="src\Utils\Imgui_Widgets.h">
      <Filter>头文件</Filter>
    </ClInclude>
    <ClInclude Include="Lib\imgui\imfilebrowser.h">
      <Filter>头文件</Filter>
    </ClInclude>
  </ItemGroup>
  <ItemGroup>
    <None Include="src\Resources\Shaders\vs.shader" />
    <None Include="src\Resources\Shaders\fs.shader" />
    <None Include="src\Resources\Shaders\fs_pbr.shader" />
    <None Include="D:\GIT\jgl_demos\JGL_MeshLoader\source\3rdparty\plugins\imgui\LICENSE" />
    <None Include="src\Resources\Models\model.fbx" />
    <None Include="src\Resources\Models\cube.fbx" />
    <None Include="src\Resources\Models\cube_smooth.fbx" />
    <None Include="src\Resources\Models\defaultcube.fbx" />
  </ItemGroup>
</Project>